{
    "version": 3,
    "terraform_version": "0.9.6",
    "serial": 5,
    "lineage": "71547a28-8dc4-4940-8dd3-24f1efd9cace",
    "modules": [
        {
            "path": [
                "root"
            ],
            "outputs": {
                "tooling_vpc_id": {
                    "sensitive": false,
                    "type": "string",
                    "value": "vpc-629a4e05"
                }
            },
            "resources": {
                "aws_vpc.tooling_vpc": {
                    "type": "aws_vpc",
                    "depends_on": [],
                    "primary": {
                        "id": "vpc-629a4e05",
                        "attributes": {
                            "assign_generated_ipv6_cidr_block": "false",
                            "cidr_block": "10.0.0.0/16",
                            "default_network_acl_id": "acl-6c34ad0b",
                            "default_route_table_id": "rtb-8fa781e8",
                            "default_security_group_id": "sg-70898b09",
                            "dhcp_options_id": "dopt-85316fe1",
                            "enable_classiclink": "false",
                            "enable_dns_hostnames": "false",
                            "enable_dns_support": "true",
                            "id": "vpc-629a4e05",
                            "instance_tenancy": "default",
                            "main_route_table_id": "rtb-8fa781e8",
                            "tags.%": "1",
                            "tags.Name": "tooling_vpc"
                        },
                        "meta": {
                            "schema_version": "1"
                        },
                        "tainted": false
                    },
                    "deposed": [],
                    "provider": ""
                }
            },
            "depends_on": []
        }
    ]
}
