{
    "version": 3,
    "terraform_version": "0.8.8",
    "serial": 7,
    "lineage": "280a4410-1ea5-41df-9ad0-fac8ab727d09",
    "modules": [
        {
            "path": [
                "root"
            ],
            "outputs": {},
            "resources": {
                "aws_instance.puppet_enterprise_ec2": {
                    "type": "aws_instance",
                    "depends_on": [
                        "aws_security_group.puppet_enterprise_sg"
                    ],
                    "primary": {
                        "id": "i-094daf0aac7c57f3c",
                        "attributes": {
                            "ami": "ami-051b1563",
                            "associate_public_ip_address": "true",
                            "availability_zone": "eu-west-1a",
                            "disable_api_termination": "false",
                            "ebs_block_device.#": "0",
                            "ebs_optimized": "false",
                            "ephemeral_block_device.#": "0",
                            "iam_instance_profile": "",
                            "id": "i-094daf0aac7c57f3c",
                            "instance_state": "running",
                            "instance_type": "t2.micro",
                            "ipv6_address_count": "0",
                            "ipv6_addresses.#": "0",
                            "key_name": "",
                            "monitoring": "false",
                            "network_interface_id": "eni-70fc074d",
                            "private_dns": "ip-172-31-20-98.eu-west-1.compute.internal",
                            "private_ip": "172.31.20.98",
                            "public_dns": "ec2-34-253-103-4.eu-west-1.compute.amazonaws.com",
                            "public_ip": "34.253.103.4",
                            "root_block_device.#": "1",
                            "root_block_device.0.delete_on_termination": "false",
                            "root_block_device.0.iops": "0",
                            "root_block_device.0.volume_size": "8",
                            "root_block_device.0.volume_type": "standard",
                            "security_groups.#": "0",
                            "source_dest_check": "true",
                            "subnet_id": "subnet-7c1cd735",
                            "tags.%": "2",
                            "tags.Name": "Puppet_Enterprise",
                            "tags.role": "Puppet_Enterprise",
                            "tenancy": "default",
                            "user_data": "37eb92a9bebff47b0a34ba2430df63f81c7b6a9e",
                            "vpc_security_group_ids.#": "1",
                            "vpc_security_group_ids.1121566241": "sg-bb5063c2"
                        },
                        "meta": {
                            "schema_version": "1"
                        },
                        "tainted": false
                    },
                    "deposed": [],
                    "provider": ""
                },
                "aws_security_group.puppet_enterprise_sg": {
                    "type": "aws_security_group",
                    "depends_on": [],
                    "primary": {
                        "id": "sg-bb5063c2",
                        "attributes": {
                            "description": "Allow all ssh, puppet agent, mcollective",
                            "egress.#": "0",
                            "id": "sg-bb5063c2",
                            "ingress.#": "4",
                            "ingress.1445012097.cidr_blocks.#": "1",
                            "ingress.1445012097.cidr_blocks.0": "0.0.0.0/0",
                            "ingress.1445012097.from_port": "61613",
                            "ingress.1445012097.protocol": "tcp",
                            "ingress.1445012097.security_groups.#": "0",
                            "ingress.1445012097.self": "false",
                            "ingress.1445012097.to_port": "61613",
                            "ingress.2541437006.cidr_blocks.#": "1",
                            "ingress.2541437006.cidr_blocks.0": "0.0.0.0/0",
                            "ingress.2541437006.from_port": "22",
                            "ingress.2541437006.protocol": "tcp",
                            "ingress.2541437006.security_groups.#": "0",
                            "ingress.2541437006.self": "false",
                            "ingress.2541437006.to_port": "22",
                            "ingress.2617001939.cidr_blocks.#": "1",
                            "ingress.2617001939.cidr_blocks.0": "0.0.0.0/0",
                            "ingress.2617001939.from_port": "443",
                            "ingress.2617001939.protocol": "tcp",
                            "ingress.2617001939.security_groups.#": "0",
                            "ingress.2617001939.self": "false",
                            "ingress.2617001939.to_port": "443",
                            "ingress.4152063857.cidr_blocks.#": "1",
                            "ingress.4152063857.cidr_blocks.0": "0.0.0.0/0",
                            "ingress.4152063857.from_port": "8140",
                            "ingress.4152063857.protocol": "tcp",
                            "ingress.4152063857.security_groups.#": "0",
                            "ingress.4152063857.self": "false",
                            "ingress.4152063857.to_port": "8140",
                            "name": "Allow access to box",
                            "owner_id": "882339490579",
                            "tags.%": "0",
                            "vpc_id": "vpc-1d5e927a"
                        },
                        "meta": {},
                        "tainted": false
                    },
                    "deposed": [],
                    "provider": ""
                }
            },
            "depends_on": []
        }
    ]
}
