{
    "version": 3,
    "terraform_version": "0.8.8",
    "serial": 23,
    "lineage": "280a4410-1ea5-41df-9ad0-fac8ab727d09",
    "modules": [
        {
            "path": [
                "root"
            ],
            "outputs": {},
            "resources": {
                "aws_autoscaling_group.puppet_enterprise_asg": {
                    "type": "aws_autoscaling_group",
                    "depends_on": [
                        "aws_launch_configuration.puppet_enterprise_lc",
                        "data.aws_availability_zones.all-availibility-zones"
                    ],
                    "primary": {
                        "id": "puppet_enterprise",
                        "attributes": {
                            "arn": "arn:aws:autoscaling:eu-west-1:882339490579:autoScalingGroup:027fa417-1b4a-43df-9363-6a2e50ee1e23:autoScalingGroupName/puppet_enterprise",
                            "availability_zones.#": "3",
                            "availability_zones.1924028850": "eu-west-1b",
                            "availability_zones.3953592328": "eu-west-1a",
                            "availability_zones.94988580": "eu-west-1c",
                            "default_cooldown": "300",
                            "desired_capacity": "1",
                            "force_delete": "false",
                            "health_check_grace_period": "300",
                            "health_check_type": "EC2",
                            "id": "puppet_enterprise",
                            "launch_configuration": "puppet_enterprise",
                            "load_balancers.#": "0",
                            "max_size": "1",
                            "metrics_granularity": "1Minute",
                            "min_size": "1",
                            "name": "puppet_enterprise",
                            "placement_group": "",
                            "protect_from_scale_in": "false",
                            "suspended_processes.#": "0",
                            "tag.#": "3",
                            "tag.3104567497.key": "role",
                            "tag.3104567497.propagate_at_launch": "true",
                            "tag.3104567497.value": "puppetmaster",
                            "tag.519719603.key": "env",
                            "tag.519719603.propagate_at_launch": "true",
                            "tag.519719603.value": "dev",
                            "tag.924531401.key": "Name",
                            "tag.924531401.propagate_at_launch": "true",
                            "tag.924531401.value": "puppet_enterprise",
                            "target_group_arns.#": "0",
                            "termination_policies.#": "0",
                            "vpc_zone_identifier.#": "1",
                            "vpc_zone_identifier.0": "",
                            "wait_for_capacity_timeout": "10m"
                        },
                        "meta": {},
                        "tainted": false
                    },
                    "deposed": [],
                    "provider": ""
                },
                "aws_launch_configuration.puppet_enterprise_lc": {
                    "type": "aws_launch_configuration",
                    "depends_on": [
                        "aws_security_group.puppet_enterprise_sg"
                    ],
                    "primary": {
                        "id": "puppet_enterprise",
                        "attributes": {
                            "associate_public_ip_address": "false",
                            "ebs_block_device.#": "0",
                            "ebs_optimized": "false",
                            "enable_monitoring": "true",
                            "ephemeral_block_device.#": "0",
                            "iam_instance_profile": "",
                            "id": "puppet_enterprise",
                            "image_id": "ami-051b1563",
                            "instance_type": "t2.micro",
                            "key_name": "",
                            "name": "puppet_enterprise",
                            "root_block_device.#": "0",
                            "security_groups.#": "1",
                            "security_groups.697081197": "sg-23d0d15a",
                            "spot_price": "",
                            "vpc_classic_link_id": "",
                            "vpc_classic_link_security_groups.#": "0"
                        },
                        "meta": {},
                        "tainted": false
                    },
                    "deposed": [],
                    "provider": ""
                },
                "aws_security_group.puppet_enterprise_sg": {
                    "type": "aws_security_group",
                    "depends_on": [],
                    "primary": {
                        "id": "sg-23d0d15a",
                        "attributes": {
                            "description": "create ingress rules for ssh, puppet agent, mcollective, and puppet web console",
                            "egress.#": "0",
                            "id": "sg-23d0d15a",
                            "ingress.#": "4",
                            "ingress.1445012097.cidr_blocks.#": "1",
                            "ingress.1445012097.cidr_blocks.0": "0.0.0.0/0",
                            "ingress.1445012097.from_port": "61613",
                            "ingress.1445012097.protocol": "tcp",
                            "ingress.1445012097.security_groups.#": "0",
                            "ingress.1445012097.self": "false",
                            "ingress.1445012097.to_port": "61613",
                            "ingress.2541437006.cidr_blocks.#": "1",
                            "ingress.2541437006.cidr_blocks.0": "0.0.0.0/0",
                            "ingress.2541437006.from_port": "22",
                            "ingress.2541437006.protocol": "tcp",
                            "ingress.2541437006.security_groups.#": "0",
                            "ingress.2541437006.self": "false",
                            "ingress.2541437006.to_port": "22",
                            "ingress.2617001939.cidr_blocks.#": "1",
                            "ingress.2617001939.cidr_blocks.0": "0.0.0.0/0",
                            "ingress.2617001939.from_port": "443",
                            "ingress.2617001939.protocol": "tcp",
                            "ingress.2617001939.security_groups.#": "0",
                            "ingress.2617001939.self": "false",
                            "ingress.2617001939.to_port": "443",
                            "ingress.4152063857.cidr_blocks.#": "1",
                            "ingress.4152063857.cidr_blocks.0": "0.0.0.0/0",
                            "ingress.4152063857.from_port": "8140",
                            "ingress.4152063857.protocol": "tcp",
                            "ingress.4152063857.security_groups.#": "0",
                            "ingress.4152063857.self": "false",
                            "ingress.4152063857.to_port": "8140",
                            "name": "puppet_enterprise_sg",
                            "owner_id": "882339490579",
                            "tags.%": "0",
                            "vpc_id": "vpc-1d5e927a"
                        },
                        "meta": {},
                        "tainted": false
                    },
                    "deposed": [],
                    "provider": ""
                },
                "data.aws_availability_zones.all-availibility-zones": {
                    "type": "aws_availability_zones",
                    "depends_on": [],
                    "primary": {
                        "id": "2017-06-02 09:44:16.216936239 +0000 UTC",
                        "attributes": {
                            "id": "2017-06-02 09:44:16.216936239 +0000 UTC",
                            "names.#": "3",
                            "names.0": "eu-west-1a",
                            "names.1": "eu-west-1b",
                            "names.2": "eu-west-1c"
                        },
                        "meta": {},
                        "tainted": false
                    },
                    "deposed": [],
                    "provider": ""
                }
            },
            "depends_on": []
        }
    ]
}
